
Microsoft Visual Studio Solution File, Format Version 12.00
# Visual Studio Version 16
VisualStudioVersion = 16.0.30804.86
MinimumVisualStudioVersion = 10.0.40219.1
Project("{FAE04EC0-301F-11D3-BF4B-00C04F79EFBC}") = "Clinic", "Clinic\Clinic.csproj", "{A8A896A0-B344-4389-A929-3AC17535ACA1}"
EndProject
Global
	GlobalSection(SolutionConfigurationPlatforms) = preSolution
		Debug|Any CPU = Debug|Any CPU
		Release|Any CPU = Release|Any CPU
	EndGlobalSection
	GlobalSection(ProjectConfigurationPlatforms) = postSolution
		{A8A896A0-B344-4389-A929-3AC17535ACA1}.Debug|Any CPU.ActiveCfg = Debug|Any CPU
		{A8A896A0-B344-4389-A929-3AC17535ACA1}.Debug|Any CPU.Build.0 = Debug|Any CPU
		{A8A896A0-B344-4389-A929-3AC17535ACA1}.Release|Any CPU.ActiveCfg = Release|Any CPU
		{A8A896A0-B344-4389-A929-3AC17535ACA1}.Release|Any CPU.Build.0 = Release|Any CPU
	EndGlobalSection
	GlobalSection(SolutionProperties) = preSolution
		HideSolutionNode = FALSE
	EndGlobalSection
	GlobalSection(ExtensibilityGlobals) = postSolution
		SolutionGuid = {BDA14BAF-3F0F-4747-BA60-853A18F3A1B6}
	EndGlobalSection
EndGlobal
